
Microsoft Visual Studio Solution File, Format Version 12.00
# Visual Studio Version 16
VisualStudioVersion = 16.0.31205.134
MinimumVisualStudioVersion = 10.0.40219.1
Project("{FAE04EC0-301F-11D3-BF4B-00C04F79EFBC}") = "FinalTwo", "FinalTwo\FinalTwo.csproj", "{10A228D6-E65B-447F-9070-6430BE3446FF}"
EndProject
Global
	GlobalSection(SolutionConfigurationPlatforms) = preSolution
		Debug|Any CPU = Debug|Any CPU
		Release|Any CPU = Release|Any CPU
	EndGlobalSection
	GlobalSection(ProjectConfigurationPlatforms) = postSolution
		{10A228D6-E65B-447F-9070-6430BE3446FF}.Debug|Any CPU.ActiveCfg = Debug|Any CPU
		{10A228D6-E65B-447F-9070-6430BE3446FF}.Debug|Any CPU.Build.0 = Debug|Any CPU
		{10A228D6-E65B-447F-9070-6430BE3446FF}.Release|Any CPU.ActiveCfg = Release|Any CPU
		{10A228D6-E65B-447F-9070-6430BE3446FF}.Release|Any CPU.Build.0 = Release|Any CPU
	EndGlobalSection
	GlobalSection(SolutionProperties) = preSolution
		HideSolutionNode = FALSE
	EndGlobalSection
	GlobalSection(ExtensibilityGlobals) = postSolution
		SolutionGuid = {759953DA-9738-40C4-81D6-B1B18EAB2D8B}
	EndGlobalSection
EndGlobal
